// !$*UTF8*$!
{
	archiveVersion = 1;
	classes = {
	};
	objectVersion = 46;
	objects = {

/* Begin PBXBuildFile section */
		3AF58EEC3970FB4063EA1ED7 /* Pods_GoogleMapsSample.framework in Frameworks */ = {isa = PBXBuildFile; fileRef = C0B46BA1FC1547381D0CEEC4 /* Pods_GoogleMapsSample.framework */; };
		4107AAE21E68D22800683EBD /* ActionType.swift in Sources */ = {isa = PBXBuildFile; fileRef = 4107AAE11E68D22800683EBD /* ActionType.swift */; };
		4107AAE41E68D29A00683EBD /* UIColor+Extension.swift in Sources */ = {isa = PBXBuildFile; fileRef = 4107AAE31E68D29A00683EBD /* UIColor+Extension.swift */; };
		4107AAEA1E68D79D00683EBD /* LogisticManager.swift in Sources */ = {isa = PBXBuildFile; fileRef = 4107AAE91E68D79D00683EBD /* LogisticManager.swift */; };
		4187FFEA1E688E8C0016BC29 /* AppDelegate.swift in Sources */ = {isa = PBXBuildFile; fileRef = 4187FFE91E688E8C0016BC29 /* AppDelegate.swift */; };
		4187FFEC1E688E8C0016BC29 /* MapViewController.swift in Sources */ = {isa = PBXBuildFile; fileRef = 4187FFEB1E688E8C0016BC29 /* MapViewController.swift */; };
		4187FFEF1E688E8C0016BC29 /* Main.storyboard in Resources */ = {isa = PBXBuildFile; fileRef = 4187FFED1E688E8C0016BC29 /* Main.storyboard */; };
		4187FFF11E688E8C0016BC29 /* Assets.xcassets in Resources */ = {isa = PBXBuildFile; fileRef = 4187FFF01E688E8C0016BC29 /* Assets.xcassets */; };
		4187FFF41E688E8C0016BC29 /* LaunchScreen.storyboard in Resources */ = {isa = PBXBuildFile; fileRef = 4187FFF21E688E8C0016BC29 /* LaunchScreen.storyboard */; };
		41F099551E68DC9A00C6E464 /* Alamofire.framework in Frameworks */ = {isa = PBXBuildFile; fileRef = 4107AAEB1E68DB4400683EBD /* Alamofire.framework */; };
		41F099561E68DC9E00C6E464 /* SwiftyJSON.framework in Frameworks */ = {isa = PBXBuildFile; fileRef = 4107AAED1E68DB4700683EBD /* SwiftyJSON.framework */; };
/* End PBXBuildFile section */

/* Begin PBXFileReference section */
		3945394E0B71C68C84A6D410 /* Pods-GoogleMapsSample.debug.xcconfig */ = {isa = PBXFileReference; includeInIndex = 1; lastKnownFileType = text.xcconfig; name = "Pods-GoogleMapsSample.debug.xcconfig"; path = "Pods/Target Support Files/Pods-GoogleMapsSample/Pods-GoogleMapsSample.debug.xcconfig"; sourceTree = "<group>"; };
		4107AAE11E68D22800683EBD /* ActionType.swift */ = {isa = PBXFileReference; fileEncoding = 4; lastKnownFileType = sourcecode.swift; path = ActionType.swift; sourceTree = "<group>"; };
		4107AAE31E68D29A00683EBD /* UIColor+Extension.swift */ = {isa = PBXFileReference; fileEncoding = 4; lastKnownFileType = sourcecode.swift; path = "UIColor+Extension.swift"; sourceTree = "<group>"; };
		4107AAE91E68D79D00683EBD /* LogisticManager.swift */ = {isa = PBXFileReference; fileEncoding = 4; lastKnownFileType = sourcecode.swift; path = LogisticManager.swift; sourceTree = "<group>"; };
		4107AAEB1E68DB4400683EBD /* Alamofire.framework */ = {isa = PBXFileReference; lastKnownFileType = wrapper.framework; name = Alamofire.framework; path = "../Library/Developer/Xcode/DerivedData/GoogleMapsSample-amnqmiujzzxiyvbbhudpiqpqppou/Build/Products/Debug-iphonesimulator/Alamofire/Alamofire.framework"; sourceTree = "<group>"; };
		4107AAED1E68DB4700683EBD /* SwiftyJSON.framework */ = {isa = PBXFileReference; lastKnownFileType = wrapper.framework; name = SwiftyJSON.framework; path = "../Library/Developer/Xcode/DerivedData/GoogleMapsSample-amnqmiujzzxiyvbbhudpiqpqppou/Build/Products/Debug-iphonesimulator/SwiftyJSON/SwiftyJSON.framework"; sourceTree = "<group>"; };
		4187FFE61E688E8C0016BC29 /* GoogleMapsSample.app */ = {isa = PBXFileReference; explicitFileType = wrapper.application; includeInIndex = 0; path = GoogleMapsSample.app; sourceTree = BUILT_PRODUCTS_DIR; };
		4187FFE91E688E8C0016BC29 /* AppDelegate.swift */ = {isa = PBXFileReference; lastKnownFileType = sourcecode.swift; path = AppDelegate.swift; sourceTree = "<group>"; };
		4187FFEB1E688E8C0016BC29 /* MapViewController.swift */ = {isa = PBXFileReference; lastKnownFileType = sourcecode.swift; path = MapViewController.swift; sourceTree = "<group>"; };
		4187FFEE1E688E8C0016BC29 /* Base */ = {isa = PBXFileReference; lastKnownFileType = file.storyboard; name = Base; path = Base.lproj/Main.storyboard; sourceTree = "<group>"; };
		4187FFF01E688E8C0016BC29 /* Assets.xcassets */ = {isa = PBXFileReference; lastKnownFileType = folder.assetcatalog; path = Assets.xcassets; sourceTree = "<group>"; };
		4187FFF31E688E8C0016BC29 /* Base */ = {isa = PBXFileReference; lastKnownFileType = file.storyboard; name = Base; path = Base.lproj/LaunchScreen.storyboard; sourceTree = "<group>"; };
		4187FFF51E688E8C0016BC29 /* Info.plist */ = {isa = PBXFileReference; lastKnownFileType = text.plist.xml; path = Info.plist; sourceTree = "<group>"; };
		B22D1FF309C208302AE88616 /* Pods-GoogleMapsSample.release.xcconfig */ = {isa = PBXFileReference; includeInIndex = 1; lastKnownFileType = text.xcconfig; name = "Pods-GoogleMapsSample.release.xcconfig"; path = "Pods/Target Support Files/Pods-GoogleMapsSample/Pods-GoogleMapsSample.release.xcconfig"; sourceTree = "<group>"; };
		C0B46BA1FC1547381D0CEEC4 /* Pods_GoogleMapsSample.framework */ = {isa = PBXFileReference; explicitFileType = wrapper.framework; includeInIndex = 0; path = Pods_GoogleMapsSample.framework; sourceTree = BUILT_PRODUCTS_DIR; };
/* End PBXFileReference section */

/* Begin PBXFrameworksBuildPhase section */
		4187FFE31E688E8C0016BC29 /* Frameworks */ = {
			isa = PBXFrameworksBuildPhase;
			buildActionMask = 2147483647;
			files = (
				41F099561E68DC9E00C6E464 /* SwiftyJSON.framework in Frameworks */,
				41F099551E68DC9A00C6E464 /* Alamofire.framework in Frameworks */,
				3AF58EEC3970FB4063EA1ED7 /* Pods_GoogleMapsSample.framework in Frameworks */,
			);
			runOnlyForDeploymentPostprocessing = 0;
		};
/* End PBXFrameworksBuildPhase section */

/* Begin PBXGroup section */
		0B64BE6F39BDF2C289CBE5D0 /* Pods */ = {
			isa = PBXGroup;
			children = (
				3945394E0B71C68C84A6D410 /* Pods-GoogleMapsSample.debug.xcconfig */,
				B22D1FF309C208302AE88616 /* Pods-GoogleMapsSample.release.xcconfig */,
			);
			name = Pods;
			sourceTree = "<group>";
		};
		4107AAE51E68D30D00683EBD /* Supporting Files */ = {
			isa = PBXGroup;
			children = (
				4187FFF01E688E8C0016BC29 /* Assets.xcassets */,
				4187FFF21E688E8C0016BC29 /* LaunchScreen.storyboard */,
				4187FFF51E688E8C0016BC29 /* Info.plist */,
			);
			name = "Supporting Files";
			sourceTree = "<group>";
		};
		4107AAE61E68D31400683EBD /* Utils */ = {
			isa = PBXGroup;
			children = (
				4107AAE31E68D29A00683EBD /* UIColor+Extension.swift */,
			);
			name = Utils;
			sourceTree = "<group>";
		};
		4107AAE71E68D33400683EBD /* Resources */ = {
			isa = PBXGroup;
			children = (
				4187FFED1E688E8C0016BC29 /* Main.storyboard */,
			);
			name = Resources;
			sourceTree = "<group>";
		};
		4107AAE81E68D34200683EBD /* Source */ = {
			isa = PBXGroup;
			children = (
				4187FFE91E688E8C0016BC29 /* AppDelegate.swift */,
				4187FFEB1E688E8C0016BC29 /* MapViewController.swift */,
				4107AAE91E68D79D00683EBD /* LogisticManager.swift */,
				4107AAE11E68D22800683EBD /* ActionType.swift */,
			);
			name = Source;
			sourceTree = "<group>";
		};
		4187FFDD1E688E8C0016BC29 = {
			isa = PBXGroup;
			children = (
				4187FFE81E688E8C0016BC29 /* GoogleMapsSample */,
				4187FFE71E688E8C0016BC29 /* Products */,
				0B64BE6F39BDF2C289CBE5D0 /* Pods */,
				E118E96BC25D1991C3E9A4B8 /* Frameworks */,
			);
			sourceTree = "<group>";
		};
		4187FFE71E688E8C0016BC29 /* Products */ = {
			isa = PBXGroup;
			children = (
				4187FFE61E688E8C0016BC29 /* GoogleMapsSample.app */,
			);
			name = Products;
			sourceTree = "<group>";
		};
		4187FFE81E688E8C0016BC29 /* GoogleMapsSample */ = {
			isa = PBXGroup;
			children = (
				4107AAE71E68D33400683EBD /* Resources */,
				4107AAE81E68D34200683EBD /* Source */,
				4107AAE61E68D31400683EBD /* Utils */,
				4107AAE51E68D30D00683EBD /* Supporting Files */,
			);
			path = GoogleMapsSample;
			sourceTree = "<group>";
		};
		E118E96BC25D1991C3E9A4B8 /* Frameworks */ = {
			isa = PBXGroup;
			children = (
				4107AAED1E68DB4700683EBD /* SwiftyJSON.framework */,
				4107AAEB1E68DB4400683EBD /* Alamofire.framework */,
				C0B46BA1FC1547381D0CEEC4 /* Pods_GoogleMapsSample.framework */,
			);
			name = Frameworks;
			sourceTree = "<group>";
		};
/* End PBXGroup section */

/* Begin PBXNativeTarget section */
		4187FFE51E688E8C0016BC29 /* GoogleMapsSample */ = {
			isa = PBXNativeTarget;
			buildConfigurationList = 4187FFF81E688E8C0016BC29 /* Build configuration list for PBXNativeTarget "GoogleMapsSample" */;
			buildPhases = (
				827F3B9DB87B22CEFAFB1657 /* [CP] Check Pods Manifest.lock */,
				4187FFE21E688E8C0016BC29 /* Sources */,
				4187FFE31E688E8C0016BC29 /* Frameworks */,
				4187FFE41E688E8C0016BC29 /* Resources */,
				C27AE6B6AEE652F99E91906B /* [CP] Embed Pods Frameworks */,
				4B06F775CEBC646F9707CFF7 /* [CP] Copy Pods Resources */,
			);
			buildRules = (
			);
			dependencies = (
			);
			name = GoogleMapsSample;
			productName = GoogleMapsSample;
			productReference = 4187FFE61E688E8C0016BC29 /* GoogleMapsSample.app */;
			productType = "com.apple.product-type.application";
		};
/* End PBXNativeTarget section */

/* Begin PBXProject section */
		4187FFDE1E688E8C0016BC29 /* Project object */ = {
			isa = PBXProject;
			attributes = {
				LastSwiftUpdateCheck = 0820;
				LastUpgradeCheck = 0820;
				ORGANIZATIONNAME = "Vlad Krut";
				TargetAttributes = {
					4187FFE51E688E8C0016BC29 = {
						CreatedOnToolsVersion = 8.2.1;
						DevelopmentTeam = YD97N8TEJN;
						ProvisioningStyle = Automatic;
					};
				};
			};
			buildConfigurationList = 4187FFE11E688E8C0016BC29 /* Build configuration list for PBXProject "GoogleMapsSample" */;
			compatibilityVersion = "Xcode 3.2";
			developmentRegion = English;
			hasScannedForEncodings = 0;
			knownRegions = (
				en,
				Base,
			);
			mainGroup = 4187FFDD1E688E8C0016BC29;
			productRefGroup = 4187FFE71E688E8C0016BC29 /* Products */;
			projectDirPath = "";
			projectRoot = "";
			targets = (
				4187FFE51E688E8C0016BC29 /* GoogleMapsSample */,
			);
		};
/* End PBXProject section */

/* Begin PBXResourcesBuildPhase section */
		4187FFE41E688E8C0016BC29 /* Resources */ = {
			isa = PBXResourcesBuildPhase;
			buildActionMask = 2147483647;
			files = (
				4187FFF41E688E8C0016BC29 /* LaunchScreen.storyboard in Resources */,
				4187FFF11E688E8C0016BC29 /* Assets.xcassets in Resources */,
				4187FFEF1E688E8C0016BC29 /* Main.storyboard in Resources */,
			);
			runOnlyForDeploymentPostprocessing = 0;
		};
/* End PBXResourcesBuildPhase section */

/* Begin PBXShellScriptBuildPhase section */
		4B06F775CEBC646F9707CFF7 /* [CP] Copy Pods Resources */ = {
			isa = PBXShellScriptBuildPhase;
			buildActionMask = 2147483647;
			files = (
			);
			inputPaths = (
			);
			name = "[CP] Copy Pods Resources";
			outputPaths = (
			);
			runOnlyForDeploymentPostprocessing = 0;
			shellPath = /bin/sh;
			shellScript = "\"${SRCROOT}/Pods/Target Support Files/Pods-GoogleMapsSample/Pods-GoogleMapsSample-resources.sh\"\n";
			showEnvVarsInLog = 0;
		};
		827F3B9DB87B22CEFAFB1657 /* [CP] Check Pods Manifest.lock */ = {
			isa = PBXShellScriptBuildPhase;
			buildActionMask = 2147483647;
			files = (
			);
			inputPaths = (
			);
			name = "[CP] Check Pods Manifest.lock";
			outputPaths = (
			);
			runOnlyForDeploymentPostprocessing = 0;
			shellPath = /bin/sh;
			shellScript = "diff \"${PODS_ROOT}/../Podfile.lock\" \"${PODS_ROOT}/Manifest.lock\" > /dev/null\nif [ $? != 0 ] ; then\n    # print error to STDERR\n    echo \"error: The sandbox is not in sync with the Podfile.lock. Run 'pod install' or update your CocoaPods installation.\" >&2\n    exit 1\nfi\n";
			showEnvVarsInLog = 0;
		};
		C27AE6B6AEE652F99E91906B /* [CP] Embed Pods Frameworks */ = {
			isa = PBXShellScriptBuildPhase;
			buildActionMask = 2147483647;
			files = (
			);
			inputPaths = (
			);
			name = "[CP] Embed Pods Frameworks";
			outputPaths = (
			);
			runOnlyForDeploymentPostprocessing = 0;
			shellPath = /bin/sh;
			shellScript = "\"${SRCROOT}/Pods/Target Support Files/Pods-GoogleMapsSample/Pods-GoogleMapsSample-frameworks.sh\"\n";
			showEnvVarsInLog = 0;
		};
/* End PBXShellScriptBuildPhase section */

/* Begin PBXSourcesBuildPhase section */
		4187FFE21E688E8C0016BC29 /* Sources */ = {
			isa = PBXSourcesBuildPhase;
			buildActionMask = 2147483647;
			files = (
				4187FFEC1E688E8C0016BC29 /* MapViewController.swift in Sources */,
				4107AAE21E68D22800683EBD /* ActionType.swift in Sources */,
				4187FFEA1E688E8C0016BC29 /* AppDelegate.swift in Sources */,
				4107AAEA1E68D79D00683EBD /* LogisticManager.swift in Sources */,
				4107AAE41E68D29A00683EBD /* UIColor+Extension.swift in Sources */,
			);
			runOnlyForDeploymentPostprocessing = 0;
		};
/* End PBXSourcesBuildPhase section */

/* Begin PBXVariantGroup section */
		4187FFED1E688E8C0016BC29 /* Main.storyboard */ = {
			isa = PBXVariantGroup;
			children = (
				4187FFEE1E688E8C0016BC29 /* Base */,
			);
			name = Main.storyboard;
			sourceTree = "<group>";
		};
		4187FFF21E688E8C0016BC29 /* LaunchScreen.storyboard */ = {
			isa = PBXVariantGroup;
			children = (
				4187FFF31E688E8C0016BC29 /* Base */,
			);
			name = LaunchScreen.storyboard;
			sourceTree = "<group>";
		};
/* End PBXVariantGroup section */

/* Begin XCBuildConfiguration section */
		4187FFF61E688E8C0016BC29 /* Debug */ = {
			isa = XCBuildConfiguration;
			buildSettings = {
				ALWAYS_SEARCH_USER_PATHS = NO;
				CLANG_ANALYZER_NONNULL = YES;
				CLANG_CXX_LANGUAGE_STANDARD = "gnu++0x";
				CLANG_CXX_LIBRARY = "libc++";
				CLANG_ENABLE_MODULES = YES;
				CLANG_ENABLE_OBJC_ARC = YES;
				CLANG_WARN_BOOL_CONVERSION = YES;
				CLANG_WARN_CONSTANT_CONVERSION = YES;
				CLANG_WARN_DIRECT_OBJC_ISA_USAGE = YES_ERROR;
				CLANG_WARN_DOCUMENTATION_COMMENTS = YES;
				CLANG_WARN_EMPTY_BODY = YES;
				CLANG_WARN_ENUM_CONVERSION = YES;
				CLANG_WARN_INFINITE_RECURSION = YES;
				CLANG_WARN_INT_CONVERSION = YES;
				CLANG_WARN_OBJC_ROOT_CLASS = YES_ERROR;
				CLANG_WARN_SUSPICIOUS_MOVE = YES;
				CLANG_WARN_UNREACHABLE_CODE = YES;
				CLANG_WARN__DUPLICATE_METHOD_MATCH = YES;
				"CODE_SIGN_IDENTITY[sdk=iphoneos*]" = "iPhone Developer";
				COPY_PHASE_STRIP = NO;
				DEBUG_INFORMATION_FORMAT = dwarf;
				ENABLE_STRICT_OBJC_MSGSEND = YES;
				ENABLE_TESTABILITY = YES;
				GCC_C_LANGUAGE_STANDARD = gnu99;
				GCC_DYNAMIC_NO_PIC = NO;
				GCC_NO_COMMON_BLOCKS = YES;
				GCC_OPTIMIZATION_LEVEL = 0;
				GCC_PREPROCESSOR_DEFINITIONS = (
					"DEBUG=1",
					"$(inherited)",
				);
				GCC_WARN_64_TO_32_BIT_CONVERSION = YES;
				GCC_WARN_ABOUT_RETURN_TYPE = YES_ERROR;
				GCC_WARN_UNDECLARED_SELECTOR = YES;
				GCC_WARN_UNINITIALIZED_AUTOS = YES_AGGRESSIVE;
				GCC_WARN_UNUSED_FUNCTION = YES;
				GCC_WARN_UNUSED_VARIABLE = YES;
				IPHONEOS_DEPLOYMENT_TARGET = 10.2;
				MTL_ENABLE_DEBUG_INFO = YES;
				ONLY_ACTIVE_ARCH = YES;
				SDKROOT = iphoneos;
				SWIFT_ACTIVE_COMPILATION_CONDITIONS = DEBUG;
				SWIFT_OPTIMIZATION_LEVEL = "-Onone";
				TARGETED_DEVICE_FAMILY = "1,2";
			};
			name = Debug;
		};
		4187FFF71E688E8C0016BC29 /* Release */ = {
			isa = XCBuildConfiguration;
			buildSettings = {
				ALWAYS_SEARCH_USER_PATHS = NO;
				CLANG_ANALYZER_NONNULL = YES;
				CLANG_CXX_LANGUAGE_STANDARD = "gnu++0x";
				CLANG_CXX_LIBRARY = "libc++";
				CLANG_ENABLE_MODULES = YES;
				CLANG_ENABLE_OBJC_ARC = YES;
				CLANG_WARN_BOOL_CONVERSION = YES;
				CLANG_WARN_CONSTANT_CONVERSION = YES;
				CLANG_WARN_DIRECT_OBJC_ISA_USAGE = YES_ERROR;
				CLANG_WARN_DOCUMENTATION_COMMENTS = YES;
				CLANG_WARN_EMPTY_BODY = YES;
				CLANG_WARN_ENUM_CONVERSION = YES;
				CLANG_WARN_INFINITE_RECURSION = YES;
				CLANG_WARN_INT_CONVERSION = YES;
				CLANG_WARN_OBJC_ROOT_CLASS = YES_ERROR;
				CLANG_WARN_SUSPICIOUS_MOVE = YES;
				CLANG_WARN_UNREACHABLE_CODE = YES;
				CLANG_WARN__DUPLICATE_METHOD_MATCH = YES;
				"CODE_SIGN_IDENTITY[sdk=iphoneos*]" = "iPhone Developer";
				COPY_PHASE_STRIP = NO;
				DEBUG_INFORMATION_FORMAT = "dwarf-with-dsym";
				ENABLE_NS_ASSERTIONS = NO;
				ENABLE_STRICT_OBJC_MSGSEND = YES;
				GCC_C_LANGUAGE_STANDARD = gnu99;
				GCC_NO_COMMON_BLOCKS = YES;
				GCC_WARN_64_TO_32_BIT_CONVERSION = YES;
				GCC_WARN_ABOUT_RETURN_TYPE = YES_ERROR;
				GCC_WARN_UNDECLARED_SELECTOR = YES;
				GCC_WARN_UNINITIALIZED_AUTOS = YES_AGGRESSIVE;
				GCC_WARN_UNUSED_FUNCTION = YES;
				GCC_WARN_UNUSED_VARIABLE = YES;
				IPHONEOS_DEPLOYMENT_TARGET = 10.2;
				MTL_ENABLE_DEBUG_INFO = NO;
				SDKROOT = iphoneos;
				SWIFT_OPTIMIZATION_LEVEL = "-Owholemodule";
				TARGETED_DEVICE_FAMILY = "1,2";
				VALIDATE_PRODUCT = YES;
			};
			name = Release;
		};
		4187FFF91E688E8C0016BC29 /* Debug */ = {
			isa = XCBuildConfiguration;
			baseConfigurationReference = 3945394E0B71C68C84A6D410 /* Pods-GoogleMapsSample.debug.xcconfig */;
			buildSettings = {
				ASSETCATALOG_COMPILER_APPICON_NAME = AppIcon;
				DEVELOPMENT_TEAM = YD97N8TEJN;
				INFOPLIST_FILE = GoogleMapsSample/Info.plist;
				LD_RUNPATH_SEARCH_PATHS = "$(inherited) @executable_path/Frameworks";
				PRODUCT_BUNDLE_IDENTIFIER = "com.pan-terra.GoogleMapsSample";
				PRODUCT_NAME = "$(TARGET_NAME)";
				SWIFT_VERSION = 3.0;
			};
			name = Debug;
		};
		4187FFFA1E688E8C0016BC29 /* Release */ = {
			isa = XCBuildConfiguration;
			baseConfigurationReference = B22D1FF309C208302AE88616 /* Pods-GoogleMapsSample.release.xcconfig */;
			buildSettings = {
				ASSETCATALOG_COMPILER_APPICON_NAME = AppIcon;
				DEVELOPMENT_TEAM = YD97N8TEJN;
				INFOPLIST_FILE = GoogleMapsSample/Info.plist;
				LD_RUNPATH_SEARCH_PATHS = "$(inherited) @executable_path/Frameworks";
				PRODUCT_BUNDLE_IDENTIFIER = "com.pan-terra.GoogleMapsSample";
				PRODUCT_NAME = "$(TARGET_NAME)";
				SWIFT_VERSION = 3.0;
			};
			name = Release;
		};
/* End XCBuildConfiguration section */

/* Begin XCConfigurationList section */
		4187FFE11E688E8C0016BC29 /* Build configuration list for PBXProject "GoogleMapsSample" */ = {
			isa = XCConfigurationList;
			buildConfigurations = (
				4187FFF61E688E8C0016BC29 /* Debug */,
				4187FFF71E688E8C0016BC29 /* Release */,
			);
			defaultConfigurationIsVisible = 0;
			defaultConfigurationName = Release;
		};
		4187FFF81E688E8C0016BC29 /* Build configuration list for PBXNativeTarget "GoogleMapsSample" */ = {
			isa = XCConfigurationList;
			buildConfigurations = (
				4187FFF91E688E8C0016BC29 /* Debug */,
				4187FFFA1E688E8C0016BC29 /* Release */,
			);
			defaultConfigurationIsVisible = 0;
			defaultConfigurationName = Release;
		};
/* End XCConfigurationList section */
	};
	rootObject = 4187FFDE1E688E8C0016BC29 /* Project object */;
}
